
Microsoft Visual Studio Solution File, Format Version 12.00
# Visual Studio 15
VisualStudioVersion = 15.0.27004.2002
MinimumVisualStudioVersion = 10.0.40219.1
Project("{FAE04EC0-301F-11D3-BF4B-00C04F79EFBC}") = "YouTube Data Scrapper", "YouTube Data Scrapper\YouTube Data Scrapper.csproj", "{936B308C-CE82-45A1-A6AF-A017D82E9277}"
EndProject
Global
	GlobalSection(SolutionConfigurationPlatforms) = preSolution
		Debug|Any CPU = Debug|Any CPU
		Release|Any CPU = Release|Any CPU
	EndGlobalSection
	GlobalSection(ProjectConfigurationPlatforms) = postSolution
		{936B308C-CE82-45A1-A6AF-A017D82E9277}.Debug|Any CPU.ActiveCfg = Debug|Any CPU
		{936B308C-CE82-45A1-A6AF-A017D82E9277}.Debug|Any CPU.Build.0 = Debug|Any CPU
		{936B308C-CE82-45A1-A6AF-A017D82E9277}.Release|Any CPU.ActiveCfg = Release|Any CPU
		{936B308C-CE82-45A1-A6AF-A017D82E9277}.Release|Any CPU.Build.0 = Release|Any CPU
	EndGlobalSection
	GlobalSection(SolutionProperties) = preSolution
		HideSolutionNode = FALSE
	EndGlobalSection
	GlobalSection(ExtensibilityGlobals) = postSolution
		SolutionGuid = {787470C1-BBA1-41FC-B184-0CC3A4E19309}
	EndGlobalSection
EndGlobal
